
Microsoft Visual Studio Solution File, Format Version 12.00
# Visual Studio Version 16
VisualStudioVersion = 16.0.30711.63
MinimumVisualStudioVersion = 10.0.40219.1
Project("{FAE04EC0-301F-11D3-BF4B-00C04F79EFBC}") = "APICapstone", "APICapstone\APICapstone.csproj", "{E6D71642-81B1-43E9-AAC7-1B63239097A9}"
EndProject
Global
	GlobalSection(SolutionConfigurationPlatforms) = preSolution
		Debug|Any CPU = Debug|Any CPU
		Release|Any CPU = Release|Any CPU
	EndGlobalSection
	GlobalSection(ProjectConfigurationPlatforms) = postSolution
		{E6D71642-81B1-43E9-AAC7-1B63239097A9}.Debug|Any CPU.ActiveCfg = Debug|Any CPU
		{E6D71642-81B1-43E9-AAC7-1B63239097A9}.Debug|Any CPU.Build.0 = Debug|Any CPU
		{E6D71642-81B1-43E9-AAC7-1B63239097A9}.Release|Any CPU.ActiveCfg = Release|Any CPU
		{E6D71642-81B1-43E9-AAC7-1B63239097A9}.Release|Any CPU.Build.0 = Release|Any CPU
	EndGlobalSection
	GlobalSection(SolutionProperties) = preSolution
		HideSolutionNode = FALSE
	EndGlobalSection
	GlobalSection(ExtensibilityGlobals) = postSolution
		SolutionGuid = {207112D1-FAD7-4937-973D-8AD46DA6A712}
	EndGlobalSection
EndGlobal
